lockfileVersion: 5.3

specifiers:
  '@types/node': 16.11.27
  typescript: 4.6.3

devDependencies:
  '@types/node': 16.11.27
  typescript: 4.6.3

packages:

  /@types/node/16.11.27:
    resolution: {integrity: sha512-C1pD3kgLoZ56Uuy5lhfOxie4aZlA3UMGLX9rXteq4WitEZH6Rl80mwactt9QG0w0gLFlN/kLBTFnGXtDVWvWQw==}
    dev: true

  /typescript/4.6.3:
    resolution: {integrity: sha512-yNIatDa5iaofVozS/uQJEl3JRWLKKGJKh6Yaiv0GLGSuhpFJe7P3SbHZ8/yjAHRQwKRoA6YZqlfjXWmVzoVSMw==}
    engines: {node: '>=4.2.0'}
    hasBin: true
    dev: true
